
Microsoft Visual Studio Solution File, Format Version 12.00
# Visual Studio Version 17
VisualStudioVersion = 17.14.36202.13
MinimumVisualStudioVersion = 10.0.40219.1
Project("{FAE04EC0-301F-11D3-BF4B-00C04F79EFBC}") = "MyFridgeApp", "MyFridgeApp.csproj", "{8B9267CD-E224-4E11-8904-3F17B11B2AF7}"
EndProject
Project("{FAE04EC0-301F-11D3-BF4B-00C04F79EFBC}") = "MyFridgeApp.Tests", "..\MyFridgeApp.Tests\MyFridgeApp.Tests.csproj", "{7DE764B1-F01B-4604-9966-0B9020CED2D8}"
EndProject
Global
	GlobalSection(SolutionConfigurationPlatforms) = preSolution
		Debug|Any CPU = Debug|Any CPU
		Release|Any CPU = Release|Any CPU
	EndGlobalSection
	GlobalSection(ProjectConfigurationPlatforms) = postSolution
		{8B9267CD-E224-4E11-8904-3F17B11B2AF7}.Debug|Any CPU.ActiveCfg = Debug|Any CPU
		{8B9267CD-E224-4E11-8904-3F17B11B2AF7}.Debug|Any CPU.Build.0 = Debug|Any CPU
		{8B9267CD-E224-4E11-8904-3F17B11B2AF7}.Release|Any CPU.ActiveCfg = Release|Any CPU
		{8B9267CD-E224-4E11-8904-3F17B11B2AF7}.Release|Any CPU.Build.0 = Release|Any CPU
		{7DE764B1-F01B-4604-9966-0B9020CED2D8}.Debug|Any CPU.ActiveCfg = Debug|Any CPU
		{7DE764B1-F01B-4604-9966-0B9020CED2D8}.Debug|Any CPU.Build.0 = Debug|Any CPU
		{7DE764B1-F01B-4604-9966-0B9020CED2D8}.Release|Any CPU.ActiveCfg = Release|Any CPU
		{7DE764B1-F01B-4604-9966-0B9020CED2D8}.Release|Any CPU.Build.0 = Release|Any CPU
	EndGlobalSection
	GlobalSection(SolutionProperties) = preSolution
		HideSolutionNode = FALSE
	EndGlobalSection
	GlobalSection(ExtensibilityGlobals) = postSolution
		SolutionGuid = {F1EFC646-F4DE-4D82-8F8D-82AC0562D85A}
	EndGlobalSection
EndGlobal
